schema: '2.0'
stages:
  generate_templates:
    cmd: python src/generate_templates.py
    deps:
    - path: data/expert_data
      hash: md5
      md5: d751713988987e9331980363e24189ce.dir
      size: 0
      nfiles: 0
    - path: src/features.py
      hash: md5
      md5: f9ffe224cb70c02f44598e3049bee37f
      size: 3487
    - path: src/generate_templates.py
      hash: md5
      md5: a00729b0cd737c42c277799c9b08ae85
      size: 1215
    - path: src/ksi.py
      hash: md5
      md5: 2c6301e9f10ceab535c7f83913aef364
      size: 3050
    params:
      params.yaml:
        expert_pipeline:
          raw_path: data/expert_data
          output_path: data/expert_templates.npz
        mediapipe:
          model_complexity: 1
          min_detection_confidence: 0.3
          min_tracking_confidence: 0.3
    outs:
    - path: data/expert_templates.npz
      hash: md5
      md5: 76cdb2bad9582d23c1f6f4d868218d6c
      size: 22
  preprocess_pose:
    cmd: python src/preprocess_pose.py
    deps:
    - path: data/raw
      hash: md5
      md5: b8c7603c23fb1528b9e28f7c7621f87d.dir
      size: 754972081
      nfiles: 556
    - path: src/preprocess_pose.py
      hash: md5
      md5: 4856b172fb9d193d7cb7aa017946c2b5
      size: 5847
    - path: src/utils.py
      hash: md5
      md5: c7d3df498d22dc40c96332eb690370ff
      size: 6187
    params:
      params.yaml:
        crop_overrides:
          forehand_drive:
          - start: 1
            end: 24
            bottom: 0.5
          - start: 24
            end: 42
            bottom: 0.45
          - start: 42
            end: 58
            bottom: 0.4
          - start: 58
            end: 88
            bottom: 0.4
          - start: 88
            end: 100
            bottom: 0.5
          backhand_drive:
          - start: 1
            end: 38
            bottom: 0.45
          - start: 38
            end: 100
            bottom: 0.4
          backhand_net_shot:
          - start: 1
            end: 6
            bottom: 0.5
          - start: 7
            end: 34
            bottom: 0.4
          - start: 35
            end: 44
            bottom: 0.35
          - start: 45
            end: 70
            bottom: 0.45
          - start: 71
            end: 100
            bottom: 0.35
          forehand_clear:
          - start: 1
            end: 27
            bottom: 0.48
          - start: 28
            end: 98
            bottom: 0.4
          - start: 99
            end: 100
            bottom: 0.45
          forehand_lift:
          - start: 1
            end: 25
            bottom: 0.4
          - start: 26
            end: 38
            bottom: 0.45
          - start: 39
            end: 47
            bottom: 0.37
          - start: 48
            end: 59
            bottom: 0.4
          - start: 60
            end: 72
            bottom: 0.45
          - start: 73
            end: 100
            bottom: 0.37
          forehand_net_shot:
          - start: 1
            end: 11
            bottom: 0.5
          - start: 11
            end: 42
            bottom: 0.4
          - start: 43
            end: 51
            bottom: 0.37
          - start: 52
            end: 63
            bottom: 0.4
          - start: 64
            end: 67
            bottom: 0.43
          - start: 68
            end: 100
            bottom: 0.35
        mediapipe:
          model_complexity: 1
          min_detection_confidence: 0.3
          min_tracking_confidence: 0.3
        pose_pipeline:
          data_path: data/Data_Normalized
          model_path: models/lstm_pose.h5
          sequence_length: 40
          stride: 5
          batch_size: 16
          epochs: 80
          crop_config:
            top: 0.13
            bottom: 0.35
            left: 0.25
            right: 0.25
        segment_rules:
          default_seconds: 1.75
          tail_seconds: 2.0
          tail_shots:
          - forehand_clear
          middle_shots:
            forehand_lift: 2.0
    outs:
    - path: data/Data_Normalized
      hash: md5
      md5: 4ee0c32864a69c6f5aa20db85d38d5fa.dir
      size: 96304428
      nfiles: 3003
  preprocess_hybrid:
    cmd: python src/preprocess_hybrid.py
    deps:
    - path: data/raw
      hash: md5
      md5: b8c7603c23fb1528b9e28f7c7621f87d.dir
      size: 754972081
      nfiles: 556
    - path: src/features.py
      hash: md5
      md5: 2b67e870c3c32c4e641f9e27c66c0073
      size: 10167
    - path: src/preprocess_hybrid.py
      hash: md5
      md5: efa4c38bb4a5539056b09c549c9fead5
      size: 5746
    - path: src/utils.py
      hash: md5
      md5: c7d3df498d22dc40c96332eb690370ff
      size: 6187
    params:
      params.yaml:
        crop_overrides:
          forehand_drive:
          - start: 1
            end: 24
            bottom: 0.5
          - start: 24
            end: 42
            bottom: 0.45
          - start: 42
            end: 58
            bottom: 0.4
          - start: 58
            end: 88
            bottom: 0.4
          - start: 88
            end: 100
            bottom: 0.5
          backhand_drive:
          - start: 1
            end: 38
            bottom: 0.45
          - start: 38
            end: 100
            bottom: 0.4
          backhand_net_shot:
          - start: 1
            end: 6
            bottom: 0.5
          - start: 7
            end: 34
            bottom: 0.4
          - start: 35
            end: 44
            bottom: 0.35
          - start: 45
            end: 70
            bottom: 0.45
          - start: 71
            end: 100
            bottom: 0.35
          forehand_clear:
          - start: 1
            end: 27
            bottom: 0.48
          - start: 28
            end: 98
            bottom: 0.4
          - start: 99
            end: 100
            bottom: 0.45
          forehand_lift:
          - start: 1
            end: 25
            bottom: 0.4
          - start: 26
            end: 38
            bottom: 0.45
          - start: 39
            end: 47
            bottom: 0.37
          - start: 48
            end: 59
            bottom: 0.4
          - start: 60
            end: 72
            bottom: 0.45
          - start: 73
            end: 100
            bottom: 0.37
          forehand_net_shot:
          - start: 1
            end: 11
            bottom: 0.5
          - start: 11
            end: 42
            bottom: 0.4
          - start: 43
            end: 51
            bottom: 0.37
          - start: 52
            end: 63
            bottom: 0.4
          - start: 64
            end: 67
            bottom: 0.43
          - start: 68
            end: 100
            bottom: 0.35
        hybrid_pipeline:
          data_path: data/Data_Normalized_Hybrid
          model_path: models/tcn_hybrid.h5
          sequence_length: 40
          stride: 5
          batch_size: 8
          epochs: 250
          cnn_feature_dim: 64
          cnn_input_size: 224
          cnn_roi:
            enabled: true
            joint_ids:
            - 11
            - 12
            - 13
            - 14
            - 15
            - 16
            - 23
            - 24
            - 25
            - 26
            - 27
            - 28
            visibility_thresh: 0.3
            min_joints: 4
            margin: 0.35
            min_size_frac: 0.65
            smoothing: 0.3
            fallback_full_frame: true
            use_last_box_on_missing_pose: true
          crop_config:
            top: 0.13
            bottom: 0.35
            left: 0.25
            right: 0.25
        mediapipe:
          model_complexity: 1
          min_detection_confidence: 0.3
          min_tracking_confidence: 0.3
        segment_rules:
          default_seconds: 1.75
          tail_seconds: 2.0
          tail_shots:
          - forehand_clear
          middle_shots:
            forehand_lift: 2.0
    outs:
    - path: data/Data_Normalized_Hybrid
      hash: md5
      md5: a2eca1359277a0f5223653ca10b37588.dir
      size: 288015172
      nfiles: 3937
  train_hybrid:
    cmd: python src/train_hybrid.py
    deps:
    - path: data/Data_Normalized_Hybrid
      hash: md5
      md5: a2eca1359277a0f5223653ca10b37588.dir
      size: 288015172
      nfiles: 3937
    - path: src/models.py
      hash: md5
      md5: aed9f3868f3308c24b347a7f281a1233
      size: 2246
    - path: src/train_hybrid.py
      hash: md5
      md5: 8cea7514c5c1587953723c5df62fd88a
      size: 4950
    params:
      params.yaml:
        hybrid_pipeline:
          data_path: data/Data_Normalized_Hybrid
          model_path: models/tcn_hybrid.h5
          sequence_length: 40
          stride: 5
          batch_size: 8
          epochs: 250
          cnn_feature_dim: 64
          cnn_input_size: 224
          cnn_roi:
            enabled: true
            joint_ids:
            - 11
            - 12
            - 13
            - 14
            - 15
            - 16
            - 23
            - 24
            - 25
            - 26
            - 27
            - 28
            visibility_thresh: 0.3
            min_joints: 4
            margin: 0.35
            min_size_frac: 0.65
            smoothing: 0.3
            fallback_full_frame: true
            use_last_box_on_missing_pose: true
          crop_config:
            top: 0.13
            bottom: 0.35
            left: 0.25
            right: 0.25
    outs:
    - path: models/tcn_hybrid.h5
      hash: md5
      md5: a2befad96266248bb48b48fdd8c97e1a
      size: 1337320
  train_pose:
    cmd: python src/train_pose.py
    deps:
    - path: data/Data_Normalized
      hash: md5
      md5: 4ee0c32864a69c6f5aa20db85d38d5fa.dir
      size: 96304428
      nfiles: 3003
    - path: src/models.py
      hash: md5
      md5: aed9f3868f3308c24b347a7f281a1233
      size: 2246
    - path: src/train_pose.py
      hash: md5
      md5: 5974ae951ae845596ce7603e33f83a25
      size: 4629
    params:
      params.yaml:
        pose_pipeline:
          data_path: data/Data_Normalized
          model_path: models/lstm_pose.h5
          sequence_length: 40
          stride: 5
          batch_size: 16
          epochs: 80
          crop_config:
            top: 0.13
            bottom: 0.35
            left: 0.25
            right: 0.25
    outs:
    - path: models/lstm_pose.h5
      hash: md5
      md5: 180d8e0a471c432c204c99379cce5c6a
      size: 2901832
  eval_pose:
    cmd: python src/evaluate.py --type pose
    deps:
    - path: data/Data_Normalized
      hash: md5
      md5: 4ee0c32864a69c6f5aa20db85d38d5fa.dir
      size: 96304428
      nfiles: 3003
    - path: models/lstm_pose.h5
      hash: md5
      md5: 180d8e0a471c432c204c99379cce5c6a
      size: 2901832
    - path: src/evaluate.py
      hash: md5
      md5: 5e35c7823395b95a1f1d64ed85b8b1b6
      size: 12201
    outs:
    - path: dvclive/pose_confusion_matrix.png
      hash: md5
      md5: 08584086a684f5324cebe81ed9715623
      size: 37598
    - path: dvclive/pose_metrics.json
      hash: md5
      md5: 65f7ef67ab3d547e181142bf6c0b738b
      size: 232
  eval_hybrid:
    cmd: python src/evaluate.py --type hybrid
    deps:
    - path: data/Data_Normalized_Hybrid
      hash: md5
      md5: a2eca1359277a0f5223653ca10b37588.dir
      size: 288015172
      nfiles: 3937
    - path: models/tcn_hybrid.h5
      hash: md5
      md5: a2befad96266248bb48b48fdd8c97e1a
      size: 1337320
    - path: src/evaluate.py
      hash: md5
      md5: 5e35c7823395b95a1f1d64ed85b8b1b6
      size: 12201
    outs:
    - path: dvclive/hybrid_confusion_matrix.png
      hash: md5
      md5: e207bf26bacb02231593c2084b7ca06a
      size: 38475
    - path: dvclive/hybrid_metrics.json
      hash: md5
      md5: 742156db1c8f413d461ac40135507798
      size: 235
  tune_pose:
    cmd: python src/tune_pose.py --trials 20
    deps:
    - path: data/Data_Normalized
      hash: md5
      md5: 4ee0c32864a69c6f5aa20db85d38d5fa.dir
      size: 96304428
      nfiles: 3003
    - path: src/models.py
      hash: md5
      md5: aed9f3868f3308c24b347a7f281a1233
      size: 2246
    - path: src/tune_pose.py
      hash: md5
      md5: fbf84ff8bd79912e467cc7b57800ade5
      size: 7982
    params:
      params.yaml:
        base.random_state: 42
        mlflow:
          tracking_uri: file:./mlruns
          artifact_location: ./mlartifacts
          enable_system_metrics: true
          log_models_to_registry: true
          auto_name_runs: false
        pose_pipeline:
          data_path: data/Data_Normalized
          model_path: models/lstm_pose.h5
          sequence_length: 40
          stride: 5
          batch_size: 16
          epochs: 80
          crop_config:
            top: 0.13
            bottom: 0.35
            left: 0.25
            right: 0.25
    outs:
    - path: models/lstm_pose_tuned.h5
      hash: md5
      md5: dbb6840bc925bb905ed332bcb3807548
      size: 1402128
  tune_hybrid:
    cmd: python src/tune_hybrid.py --trials 20
    deps:
    - path: data/Data_Normalized_Hybrid
      hash: md5
      md5: a2eca1359277a0f5223653ca10b37588.dir
      size: 288015172
      nfiles: 3937
    - path: src/models.py
      hash: md5
      md5: aed9f3868f3308c24b347a7f281a1233
      size: 2246
    - path: src/tune_hybrid.py
      hash: md5
      md5: eedbea347846dc6262c744da13ce6194
      size: 8785
    params:
      params.yaml:
        base.random_state: 42
        hybrid_pipeline:
          data_path: data/Data_Normalized_Hybrid
          model_path: models/tcn_hybrid.h5
          sequence_length: 40
          stride: 5
          batch_size: 8
          epochs: 250
          cnn_feature_dim: 64
          cnn_input_size: 224
          cnn_roi:
            enabled: true
            joint_ids:
            - 11
            - 12
            - 13
            - 14
            - 15
            - 16
            - 23
            - 24
            - 25
            - 26
            - 27
            - 28
            visibility_thresh: 0.3
            min_joints: 4
            margin: 0.35
            min_size_frac: 0.65
            smoothing: 0.3
            fallback_full_frame: true
            use_last_box_on_missing_pose: true
          crop_config:
            top: 0.13
            bottom: 0.35
            left: 0.25
            right: 0.25
        mlflow:
          tracking_uri: file:./mlruns
          artifact_location: ./mlartifacts
          enable_system_metrics: true
          log_models_to_registry: true
          auto_name_runs: false
    outs:
    - path: models/tcn_hybrid_tuned.h5
      hash: md5
      md5: 41afdf075415b140d0a0a844da7b6b54
      size: 883920
