schema: '2.0'
stages:
  generate_templates:
    cmd: python src/generate_templates.py
    deps:
    - path: data/expert_data
      hash: md5
      md5: d751713988987e9331980363e24189ce.dir
      size: 0
      nfiles: 0
    - path: src/features.py
      hash: md5
      md5: f9ffe224cb70c02f44598e3049bee37f
      size: 3487
    - path: src/generate_templates.py
      hash: md5
      md5: a00729b0cd737c42c277799c9b08ae85
      size: 1215
    - path: src/ksi.py
      hash: md5
      md5: 2c6301e9f10ceab535c7f83913aef364
      size: 3050
    params:
      params.yaml:
        expert_pipeline:
          raw_path: data/expert_data
          output_path: data/expert_templates.npz
        mediapipe:
          model_complexity: 1
          min_detection_confidence: 0.3
          min_tracking_confidence: 0.3
    outs:
    - path: data/expert_templates.npz
      hash: md5
      md5: 76cdb2bad9582d23c1f6f4d868218d6c
      size: 22
  preprocess_pose:
    cmd: python src/preprocess_pose.py
    deps:
    - path: data/raw
      hash: md5
      md5: 8dd73e8e67625de2e804d5504a46159a.dir
      size: 1315787364
      nfiles: 836
    - path: src/preprocess_pose.py
      hash: md5
      md5: 0e9cac414ee49606864a5163496076a7
      size: 4840
    - path: src/utils.py
      hash: md5
      md5: 5fa83e3740ca4d68c68cf141db23abac
      size: 1424
    params:
      params.yaml:
        mediapipe:
          model_complexity: 1
          min_detection_confidence: 0.3
          min_tracking_confidence: 0.3
        pose_pipeline:
          data_path: data/Data_Normalized
          model_path: models/lstm_pose.h5
          sequence_length: 40
          stride: 5
          batch_size: 16
          epochs: 80
          crop_config:
            top: 0.1
            bottom: 0.45
            left: 0.25
            right: 0.25
    outs:
    - path: data/Data_Normalized
      hash: md5
      md5: 1f04e7d5142b577a520e5ee021942d9a.dir
      size: 95911884
      nfiles: 2979
  preprocess_hybrid:
    cmd: python src/preprocess_hybrid.py
    deps:
    - path: data/raw
      hash: md5
      md5: 8dd73e8e67625de2e804d5504a46159a.dir
      size: 1315787364
      nfiles: 836
    - path: src/features.py
      hash: md5
      md5: f9ffe224cb70c02f44598e3049bee37f
      size: 3487
    - path: src/preprocess_hybrid.py
      hash: md5
      md5: 543d33de9b8af219509c85c81134b3fb
      size: 3350
    params:
      params.yaml:
        hybrid_pipeline:
          data_path: data/Data_Normalized_Hybrid
          model_path: models/tcn_hybrid.h5
          sequence_length: 40
          stride: 5
          batch_size: 8
          epochs: 120
          cnn_feature_dim: 64
          crop_config:
            top: 0.1
            bottom: 0.45
            left: 0.25
            right: 0.25
        mediapipe:
          model_complexity: 1
          min_detection_confidence: 0.3
          min_tracking_confidence: 0.3
    outs:
    - path: data/Data_Normalized_Hybrid
      hash: md5
      md5: a2eca1359277a0f5223653ca10b37588.dir
      size: 288015172
      nfiles: 3937
  train_hybrid:
    cmd: python src/train_hybrid.py
    deps:
    - path: data/Data_Normalized_Hybrid
      hash: md5
      md5: a2eca1359277a0f5223653ca10b37588.dir
      size: 288015172
      nfiles: 3937
    - path: src/models.py
      hash: md5
      md5: aed9f3868f3308c24b347a7f281a1233
      size: 2246
    - path: src/train_hybrid.py
      hash: md5
      md5: 50b6279750a8d78abb5e90a71be27771
      size: 3170
    params:
      params.yaml:
        hybrid_pipeline:
          data_path: data/Data_Normalized_Hybrid
          model_path: models/tcn_hybrid.h5
          sequence_length: 40
          stride: 5
          batch_size: 8
          epochs: 120
          cnn_feature_dim: 64
          crop_config:
            top: 0.1
            bottom: 0.45
            left: 0.25
            right: 0.25
    outs:
    - path: models/tcn_hybrid.h5
      hash: md5
      md5: ce056e71b35a81684ae75215f9bc0cd1
      size: 1337320
  train_pose:
    cmd: python src/train_pose.py
    deps:
    - path: data/Data_Normalized
      hash: md5
      md5: 1f04e7d5142b577a520e5ee021942d9a.dir
      size: 95911884
      nfiles: 2979
    - path: src/models.py
      hash: md5
      md5: aed9f3868f3308c24b347a7f281a1233
      size: 2246
    - path: src/train_pose.py
      hash: md5
      md5: e85cb1bd54d5e2b4f837f87d89a4f513
      size: 3012
    params:
      params.yaml:
        pose_pipeline:
          data_path: data/Data_Normalized
          model_path: models/lstm_pose.h5
          sequence_length: 40
          stride: 5
          batch_size: 16
          epochs: 80
          crop_config:
            top: 0.1
            bottom: 0.45
            left: 0.25
            right: 0.25
    outs:
    - path: models/lstm_pose.h5
      hash: md5
      md5: 8c6f48077ca737ea6c7d98d205bbc6cc
      size: 2901832
